{
  "name": "eryx-syntax-highlighting",
  "version": "0.0.2",
  "lockfileVersion": 3,
  "requires": true,
  "packages": {
    "": {
      "name": "eryx-syntax-highlighting",
      "version": "0.0.2",
      "dependencies": {
        "eryx-syntax-highlighting": "file:"
      },
      "engines": {
        "vscode": "^1.93.0"
      }
    },
    "node_modules/eryx-syntax-highlighting": {
      "resolved": "",
      "link": true
    }
  }
}
